
Microsoft Visual Studio Solution File, Format Version 12.00
# Visual Studio Version 17
VisualStudioVersion = 17.6.33829.357
MinimumVisualStudioVersion = 10.0.40219.1
Project("{9A19103F-16F7-4668-BE54-9A1E7A4F7556}") = "Material.Ripple", "Material.Ripple\Material.Ripple.csproj", "{ECBAA8F5-8837-4F09-A33E-9157EF1C3FE2}"
EndProject
Project("{9A19103F-16F7-4668-BE54-9A1E7A4F7556}") = "Material.Styles", "Material.Styles\Material.Styles.csproj", "{668BC955-5EEF-411B-8811-50F5C52E6760}"
EndProject
Project("{9A19103F-16F7-4668-BE54-9A1E7A4F7556}") = "Material.Avalonia", "Material.Avalonia\Material.Avalonia.csproj", "{AE7993F6-BC21-4E09-833E-49E79200A139}"
EndProject
Project("{9A19103F-16F7-4668-BE54-9A1E7A4F7556}") = "Material.Colors", "Material.Colors\Material.Colors.csproj", "{FBD28B04-578E-4309-ABB2-BEC809D26818}"
EndProject
Project("{9A19103F-16F7-4668-BE54-9A1E7A4F7556}") = "Material.Avalonia.DataGrid", "Material.Avalonia.DataGrid\Material.Avalonia.DataGrid.csproj", "{E0F697EE-358C-4E73-A4A8-3279B5B8DFF3}"
EndProject
Project("{9A19103F-16F7-4668-BE54-9A1E7A4F7556}") = "Material.Avalonia.Dialogs", "Material.Avalonia.Dialogs\Material.Avalonia.Dialogs.csproj", "{4F5F7FFD-B6E2-4C36-B250-D6B8169A0B1A}"
EndProject
Project("{2150E333-8FDC-42A3-9474-1A3956D46DE8}") = "!Solution Items", "Solution Items", "{40295CAB-9146-4A0A-B3E1-C31DA6E17256}"
	ProjectSection(SolutionItems) = preProject
		.editorconfig = .editorconfig
		Directory.Build.props = Directory.Build.props
		Directory.Packages.props = Directory.Packages.props
		Settings.XamlStyler = Settings.XamlStyler
		SourceLink.props = SourceLink.props
		.gitignore = .gitignore
	EndProjectSection
EndProject
Project("{FAE04EC0-301F-11D3-BF4B-00C04F79EFBC}") = "Material.Avalonia.Demo.Browser", "Material.Avalonia.Demo.Browser\Material.Avalonia.Demo.Browser.csproj", "{CDFD165F-BF7F-4323-9F59-454289F90186}"
EndProject
Project("{FAE04EC0-301F-11D3-BF4B-00C04F79EFBC}") = "Material.Avalonia.Demo.Desktop", "Material.Avalonia.Demo.Desktop\Material.Avalonia.Demo.Desktop.csproj", "{F5C9683F-D808-496F-AC76-D677FADFA40E}"
EndProject
Project("{2150E333-8FDC-42A3-9474-1A3956D46DE8}") = "Demo", "Demo", "{306F0023-F01E-44C8-A835-4061853FF34E}"
EndProject
Project("{FAE04EC0-301F-11D3-BF4B-00C04F79EFBC}") = "Material.Avalonia.Demo", "Material.Avalonia.Demo\Material.Avalonia.Demo.csproj", "{0A1A6ED0-B306-4EC7-9839-E1FCB2CC3485}"
EndProject
Global
	GlobalSection(SolutionConfigurationPlatforms) = preSolution
		Debug|Any CPU = Debug|Any CPU
		Release|Any CPU = Release|Any CPU
	EndGlobalSection
	GlobalSection(ProjectConfigurationPlatforms) = postSolution
		{ECBAA8F5-8837-4F09-A33E-9157EF1C3FE2}.Debug|Any CPU.ActiveCfg = Debug|Any CPU
		{ECBAA8F5-8837-4F09-A33E-9157EF1C3FE2}.Debug|Any CPU.Build.0 = Debug|Any CPU
		{ECBAA8F5-8837-4F09-A33E-9157EF1C3FE2}.Release|Any CPU.ActiveCfg = Release|Any CPU
		{ECBAA8F5-8837-4F09-A33E-9157EF1C3FE2}.Release|Any CPU.Build.0 = Release|Any CPU
		{668BC955-5EEF-411B-8811-50F5C52E6760}.Debug|Any CPU.ActiveCfg = Debug|Any CPU
		{668BC955-5EEF-411B-8811-50F5C52E6760}.Debug|Any CPU.Build.0 = Debug|Any CPU
		{668BC955-5EEF-411B-8811-50F5C52E6760}.Release|Any CPU.ActiveCfg = Release|Any CPU
		{668BC955-5EEF-411B-8811-50F5C52E6760}.Release|Any CPU.Build.0 = Release|Any CPU
		{AE7993F6-BC21-4E09-833E-49E79200A139}.Debug|Any CPU.ActiveCfg = Debug|Any CPU
		{AE7993F6-BC21-4E09-833E-49E79200A139}.Debug|Any CPU.Build.0 = Debug|Any CPU
		{AE7993F6-BC21-4E09-833E-49E79200A139}.Release|Any CPU.ActiveCfg = Release|Any CPU
		{AE7993F6-BC21-4E09-833E-49E79200A139}.Release|Any CPU.Build.0 = Release|Any CPU
		{FBD28B04-578E-4309-ABB2-BEC809D26818}.Debug|Any CPU.ActiveCfg = Debug|Any CPU
		{FBD28B04-578E-4309-ABB2-BEC809D26818}.Debug|Any CPU.Build.0 = Debug|Any CPU
		{FBD28B04-578E-4309-ABB2-BEC809D26818}.Release|Any CPU.ActiveCfg = Release|Any CPU
		{FBD28B04-578E-4309-ABB2-BEC809D26818}.Release|Any CPU.Build.0 = Release|Any CPU
		{E0F697EE-358C-4E73-A4A8-3279B5B8DFF3}.Debug|Any CPU.ActiveCfg = Debug|Any CPU
		{E0F697EE-358C-4E73-A4A8-3279B5B8DFF3}.Debug|Any CPU.Build.0 = Debug|Any CPU
		{E0F697EE-358C-4E73-A4A8-3279B5B8DFF3}.Release|Any CPU.ActiveCfg = Release|Any CPU
		{E0F697EE-358C-4E73-A4A8-3279B5B8DFF3}.Release|Any CPU.Build.0 = Release|Any CPU
		{4F5F7FFD-B6E2-4C36-B250-D6B8169A0B1A}.Debug|Any CPU.ActiveCfg = Debug|Any CPU
		{4F5F7FFD-B6E2-4C36-B250-D6B8169A0B1A}.Debug|Any CPU.Build.0 = Debug|Any CPU
		{4F5F7FFD-B6E2-4C36-B250-D6B8169A0B1A}.Release|Any CPU.ActiveCfg = Release|Any CPU
		{4F5F7FFD-B6E2-4C36-B250-D6B8169A0B1A}.Release|Any CPU.Build.0 = Release|Any CPU
		{CDFD165F-BF7F-4323-9F59-454289F90186}.Debug|Any CPU.ActiveCfg = Debug|Any CPU
		{CDFD165F-BF7F-4323-9F59-454289F90186}.Debug|Any CPU.Build.0 = Debug|Any CPU
		{CDFD165F-BF7F-4323-9F59-454289F90186}.Release|Any CPU.ActiveCfg = Release|Any CPU
		{CDFD165F-BF7F-4323-9F59-454289F90186}.Release|Any CPU.Build.0 = Release|Any CPU
		{F5C9683F-D808-496F-AC76-D677FADFA40E}.Debug|Any CPU.ActiveCfg = Debug|Any CPU
		{F5C9683F-D808-496F-AC76-D677FADFA40E}.Debug|Any CPU.Build.0 = Debug|Any CPU
		{F5C9683F-D808-496F-AC76-D677FADFA40E}.Release|Any CPU.ActiveCfg = Release|Any CPU
		{F5C9683F-D808-496F-AC76-D677FADFA40E}.Release|Any CPU.Build.0 = Release|Any CPU
		{0A1A6ED0-B306-4EC7-9839-E1FCB2CC3485}.Debug|Any CPU.ActiveCfg = Debug|Any CPU
		{0A1A6ED0-B306-4EC7-9839-E1FCB2CC3485}.Debug|Any CPU.Build.0 = Debug|Any CPU
		{0A1A6ED0-B306-4EC7-9839-E1FCB2CC3485}.Release|Any CPU.ActiveCfg = Release|Any CPU
		{0A1A6ED0-B306-4EC7-9839-E1FCB2CC3485}.Release|Any CPU.Build.0 = Release|Any CPU
	EndGlobalSection
	GlobalSection(SolutionProperties) = preSolution
		HideSolutionNode = FALSE
	EndGlobalSection
	GlobalSection(ExtensibilityGlobals) = postSolution
		SolutionGuid = {CF585909-D4B7-4ABC-B2B5-EF4699EF6943}
	EndGlobalSection
	GlobalSection(NestedProjects) = preSolution
		{F5C9683F-D808-496F-AC76-D677FADFA40E} = {306F0023-F01E-44C8-A835-4061853FF34E}
		{CDFD165F-BF7F-4323-9F59-454289F90186} = {306F0023-F01E-44C8-A835-4061853FF34E}
		{0A1A6ED0-B306-4EC7-9839-E1FCB2CC3485} = {306F0023-F01E-44C8-A835-4061853FF34E}
	EndGlobalSection
EndGlobal
